// !$*UTF8*$!
{
	archiveVersion = 1;
	classes = {
	};
	objectVersion = 48;
	objects = {

/* Begin PBXBuildFile section */
		1B25C5B71FE8158B0022DC99 /* ConcentrationThemeChooserViewController.swift in Sources */ = {isa = PBXBuildFile; fileRef = 1B25C5B61FE8158B0022DC99 /* ConcentrationThemeChooserViewController.swift */; };
		1BC24C311FCFB9590032B939 /* AppDelegate.swift in Sources */ = {isa = PBXBuildFile; fileRef = 1BC24C301FCFB9590032B939 /* AppDelegate.swift */; };
		1BC24C331FCFB9590032B939 /* ConcentrationViewController.swift in Sources */ = {isa = PBXBuildFile; fileRef = 1BC24C321FCFB9590032B939 /* ConcentrationViewController.swift */; };
		1BC24C361FCFB9590032B939 /* Main.storyboard in Resources */ = {isa = PBXBuildFile; fileRef = 1BC24C341FCFB9590032B939 /* Main.storyboard */; };
		1BC24C381FCFB9590032B939 /* Assets.xcassets in Resources */ = {isa = PBXBuildFile; fileRef = 1BC24C371FCFB9590032B939 /* Assets.xcassets */; };
		1BC24C3B1FCFB9590032B939 /* LaunchScreen.storyboard in Resources */ = {isa = PBXBuildFile; fileRef = 1BC24C391FCFB9590032B939 /* LaunchScreen.storyboard */; };
		1BFF08C51FD1706B0073C279 /* concentration.swift in Sources */ = {isa = PBXBuildFile; fileRef = 1BFF08C41FD1706B0073C279 /* concentration.swift */; };
		1BFF08C71FD172EE0073C279 /* Card.swift in Sources */ = {isa = PBXBuildFile; fileRef = 1BFF08C61FD172EE0073C279 /* Card.swift */; };
/* End PBXBuildFile section */

/* Begin PBXFileReference section */
		1B25C5B61FE8158B0022DC99 /* ConcentrationThemeChooserViewController.swift */ = {isa = PBXFileReference; lastKnownFileType = sourcecode.swift; path = ConcentrationThemeChooserViewController.swift; sourceTree = "<group>"; };
		1BC24C2D1FCFB9590032B939 /* concentration.app */ = {isa = PBXFileReference; explicitFileType = wrapper.application; includeInIndex = 0; path = concentration.app; sourceTree = BUILT_PRODUCTS_DIR; };
		1BC24C301FCFB9590032B939 /* AppDelegate.swift */ = {isa = PBXFileReference; lastKnownFileType = sourcecode.swift; path = AppDelegate.swift; sourceTree = "<group>"; };
		1BC24C321FCFB9590032B939 /* ConcentrationViewController.swift */ = {isa = PBXFileReference; lastKnownFileType = sourcecode.swift; path = ConcentrationViewController.swift; sourceTree = "<group>"; };
		1BC24C351FCFB9590032B939 /* Base */ = {isa = PBXFileReference; lastKnownFileType = file.storyboard; name = Base; path = Base.lproj/Main.storyboard; sourceTree = "<group>"; };
		1BC24C371FCFB9590032B939 /* Assets.xcassets */ = {isa = PBXFileReference; lastKnownFileType = folder.assetcatalog; path = Assets.xcassets; sourceTree = "<group>"; };
		1BC24C3A1FCFB9590032B939 /* Base */ = {isa = PBXFileReference; lastKnownFileType = file.storyboard; name = Base; path = Base.lproj/LaunchScreen.storyboard; sourceTree = "<group>"; };
		1BC24C3C1FCFB9590032B939 /* Info.plist */ = {isa = PBXFileReference; lastKnownFileType = text.plist.xml; path = Info.plist; sourceTree = "<group>"; };
		1BFF08C41FD1706B0073C279 /* concentration.swift */ = {isa = PBXFileReference; lastKnownFileType = sourcecode.swift; path = concentration.swift; sourceTree = "<group>"; };
		1BFF08C61FD172EE0073C279 /* Card.swift */ = {isa = PBXFileReference; lastKnownFileType = sourcecode.swift; path = Card.swift; sourceTree = "<group>"; };
/* End PBXFileReference section */

/* Begin PBXFrameworksBuildPhase section */
		1BC24C2A1FCFB9590032B939 /* Frameworks */ = {
			isa = PBXFrameworksBuildPhase;
			buildActionMask = 2147483647;
			files = (
			);
			runOnlyForDeploymentPostprocessing = 0;
		};
/* End PBXFrameworksBuildPhase section */

/* Begin PBXGroup section */
		1BC24C241FCFB9590032B939 = {
			isa = PBXGroup;
			children = (
				1BC24C2F1FCFB9590032B939 /* concentration */,
				1BC24C2E1FCFB9590032B939 /* Products */,
			);
			sourceTree = "<group>";
		};
		1BC24C2E1FCFB9590032B939 /* Products */ = {
			isa = PBXGroup;
			children = (
				1BC24C2D1FCFB9590032B939 /* concentration.app */,
			);
			name = Products;
			sourceTree = "<group>";
		};
		1BC24C2F1FCFB9590032B939 /* concentration */ = {
			isa = PBXGroup;
			children = (
				1B25C5B61FE8158B0022DC99 /* ConcentrationThemeChooserViewController.swift */,
				1BC24C321FCFB9590032B939 /* ConcentrationViewController.swift */,
				1BC24C341FCFB9590032B939 /* Main.storyboard */,
				1BFF08C41FD1706B0073C279 /* concentration.swift */,
				1BFF08C61FD172EE0073C279 /* Card.swift */,
				1BC24C421FCFBB660032B939 /* supporting files */,
				1BC24C3C1FCFB9590032B939 /* Info.plist */,
			);
			path = concentration;
			sourceTree = "<group>";
		};
		1BC24C421FCFBB660032B939 /* supporting files */ = {
			isa = PBXGroup;
			children = (
				1BC24C301FCFB9590032B939 /* AppDelegate.swift */,
				1BC24C371FCFB9590032B939 /* Assets.xcassets */,
				1BC24C391FCFB9590032B939 /* LaunchScreen.storyboard */,
			);
			path = "supporting files";
			sourceTree = "<group>";
		};
/* End PBXGroup section */

/* Begin PBXNativeTarget section */
		1BC24C2C1FCFB9590032B939 /* concentration */ = {
			isa = PBXNativeTarget;
			buildConfigurationList = 1BC24C3F1FCFB9590032B939 /* Build configuration list for PBXNativeTarget "concentration" */;
			buildPhases = (
				1BC24C291FCFB9590032B939 /* Sources */,
				1BC24C2A1FCFB9590032B939 /* Frameworks */,
				1BC24C2B1FCFB9590032B939 /* Resources */,
			);
			buildRules = (
			);
			dependencies = (
			);
			name = concentration;
			productName = concentration;
			productReference = 1BC24C2D1FCFB9590032B939 /* concentration.app */;
			productType = "com.apple.product-type.application";
		};
/* End PBXNativeTarget section */

/* Begin PBXProject section */
		1BC24C251FCFB9590032B939 /* Project object */ = {
			isa = PBXProject;
			attributes = {
				LastSwiftUpdateCheck = 0910;
				LastUpgradeCheck = 0910;
				ORGANIZATIONNAME = Siddique;
				TargetAttributes = {
					1BC24C2C1FCFB9590032B939 = {
						CreatedOnToolsVersion = 9.1;
						ProvisioningStyle = Automatic;
					};
				};
			};
			buildConfigurationList = 1BC24C281FCFB9590032B939 /* Build configuration list for PBXProject "concentration" */;
			compatibilityVersion = "Xcode 8.0";
			developmentRegion = en;
			hasScannedForEncodings = 0;
			knownRegions = (
				en,
				Base,
			);
			mainGroup = 1BC24C241FCFB9590032B939;
			productRefGroup = 1BC24C2E1FCFB9590032B939 /* Products */;
			projectDirPath = "";
			projectRoot = "";
			targets = (
				1BC24C2C1FCFB9590032B939 /* concentration */,
			);
		};
/* End PBXProject section */

/* Begin PBXResourcesBuildPhase section */
		1BC24C2B1FCFB9590032B939 /* Resources */ = {
			isa = PBXResourcesBuildPhase;
			buildActionMask = 2147483647;
			files = (
				1BC24C3B1FCFB9590032B939 /* LaunchScreen.storyboard in Resources */,
				1BC24C381FCFB9590032B939 /* Assets.xcassets in Resources */,
				1BC24C361FCFB9590032B939 /* Main.storyboard in Resources */,
			);
			runOnlyForDeploymentPostprocessing = 0;
		};
/* End PBXResourcesBuildPhase section */

/* Begin PBXSourcesBuildPhase section */
		1BC24C291FCFB9590032B939 /* Sources */ = {
			isa = PBXSourcesBuildPhase;
			buildActionMask = 2147483647;
			files = (
				1B25C5B71FE8158B0022DC99 /* ConcentrationThemeChooserViewController.swift in Sources */,
				1BC24C331FCFB9590032B939 /* ConcentrationViewController.swift in Sources */,
				1BFF08C51FD1706B0073C279 /* concentration.swift in Sources */,
				1BC24C311FCFB9590032B939 /* AppDelegate.swift in Sources */,
				1BFF08C71FD172EE0073C279 /* Card.swift in Sources */,
			);
			runOnlyForDeploymentPostprocessing = 0;
		};
/* End PBXSourcesBuildPhase section */

/* Begin PBXVariantGroup section */
		1BC24C341FCFB9590032B939 /* Main.storyboard */ = {
			isa = PBXVariantGroup;
			children = (
				1BC24C351FCFB9590032B939 /* Base */,
			);
			name = Main.storyboard;
			sourceTree = "<group>";
		};
		1BC24C391FCFB9590032B939 /* LaunchScreen.storyboard */ = {
			isa = PBXVariantGroup;
			children = (
				1BC24C3A1FCFB9590032B939 /* Base */,
			);
			name = LaunchScreen.storyboard;
			sourceTree = "<group>";
		};
/* End PBXVariantGroup section */

/* Begin XCBuildConfiguration section */
		1BC24C3D1FCFB9590032B939 /* Debug */ = {
			isa = XCBuildConfiguration;
			buildSettings = {
				ALWAYS_SEARCH_USER_PATHS = NO;
				CLANG_ANALYZER_NONNULL = YES;
				CLANG_ANALYZER_NUMBER_OBJECT_CONVERSION = YES_AGGRESSIVE;
				CLANG_CXX_LANGUAGE_STANDARD = "gnu++14";
				CLANG_CXX_LIBRARY = "libc++";
				CLANG_ENABLE_MODULES = YES;
				CLANG_ENABLE_OBJC_ARC = YES;
				CLANG_WARN_BLOCK_CAPTURE_AUTORELEASING = YES;
				CLANG_WARN_BOOL_CONVERSION = YES;
				CLANG_WARN_COMMA = YES;
				CLANG_WARN_CONSTANT_CONVERSION = YES;
				CLANG_WARN_DIRECT_OBJC_ISA_USAGE = YES_ERROR;
				CLANG_WARN_DOCUMENTATION_COMMENTS = YES;
				CLANG_WARN_EMPTY_BODY = YES;
				CLANG_WARN_ENUM_CONVERSION = YES;
				CLANG_WARN_INFINITE_RECURSION = YES;
				CLANG_WARN_INT_CONVERSION = YES;
				CLANG_WARN_NON_LITERAL_NULL_CONVERSION = YES;
				CLANG_WARN_OBJC_LITERAL_CONVERSION = YES;
				CLANG_WARN_OBJC_ROOT_CLASS = YES_ERROR;
				CLANG_WARN_RANGE_LOOP_ANALYSIS = YES;
				CLANG_WARN_STRICT_PROTOTYPES = YES;
				CLANG_WARN_SUSPICIOUS_MOVE = YES;
				CLANG_WARN_UNGUARDED_AVAILABILITY = YES_AGGRESSIVE;
				CLANG_WARN_UNREACHABLE_CODE = YES;
				CLANG_WARN__DUPLICATE_METHOD_MATCH = YES;
				CODE_SIGN_IDENTITY = "iPhone Developer";
				COPY_PHASE_STRIP = NO;
				DEBUG_INFORMATION_FORMAT = dwarf;
				ENABLE_STRICT_OBJC_MSGSEND = YES;
				ENABLE_TESTABILITY = YES;
				GCC_C_LANGUAGE_STANDARD = gnu11;
				GCC_DYNAMIC_NO_PIC = NO;
				GCC_NO_COMMON_BLOCKS = YES;
				GCC_OPTIMIZATION_LEVEL = 0;
				GCC_PREPROCESSOR_DEFINITIONS = (
					"DEBUG=1",
					"$(inherited)",
				);
				GCC_WARN_64_TO_32_BIT_CONVERSION = YES;
				GCC_WARN_ABOUT_RETURN_TYPE = YES_ERROR;
				GCC_WARN_UNDECLARED_SELECTOR = YES;
				GCC_WARN_UNINITIALIZED_AUTOS = YES_AGGRESSIVE;
				GCC_WARN_UNUSED_FUNCTION = YES;
				GCC_WARN_UNUSED_VARIABLE = YES;
				IPHONEOS_DEPLOYMENT_TARGET = 11.1;
				MTL_ENABLE_DEBUG_INFO = YES;
				ONLY_ACTIVE_ARCH = YES;
				SDKROOT = iphoneos;
				SWIFT_ACTIVE_COMPILATION_CONDITIONS = DEBUG;
				SWIFT_OPTIMIZATION_LEVEL = "-Onone";
			};
			name = Debug;
		};
		1BC24C3E1FCFB9590032B939 /* Release */ = {
			isa = XCBuildConfiguration;
			buildSettings = {
				ALWAYS_SEARCH_USER_PATHS = NO;
				CLANG_ANALYZER_NONNULL = YES;
				CLANG_ANALYZER_NUMBER_OBJECT_CONVERSION = YES_AGGRESSIVE;
				CLANG_CXX_LANGUAGE_STANDARD = "gnu++14";
				CLANG_CXX_LIBRARY = "libc++";
				CLANG_ENABLE_MODULES = YES;
				CLANG_ENABLE_OBJC_ARC = YES;
				CLANG_WARN_BLOCK_CAPTURE_AUTORELEASING = YES;
				CLANG_WARN_BOOL_CONVERSION = YES;
				CLANG_WARN_COMMA = YES;
				CLANG_WARN_CONSTANT_CONVERSION = YES;
				CLANG_WARN_DIRECT_OBJC_ISA_USAGE = YES_ERROR;
				CLANG_WARN_DOCUMENTATION_COMMENTS = YES;
				CLANG_WARN_EMPTY_BODY = YES;
				CLANG_WARN_ENUM_CONVERSION = YES;
				CLANG_WARN_INFINITE_RECURSION = YES;
				CLANG_WARN_INT_CONVERSION = YES;
				CLANG_WARN_NON_LITERAL_NULL_CONVERSION = YES;
				CLANG_WARN_OBJC_LITERAL_CONVERSION = YES;
				CLANG_WARN_OBJC_ROOT_CLASS = YES_ERROR;
				CLANG_WARN_RANGE_LOOP_ANALYSIS = YES;
				CLANG_WARN_STRICT_PROTOTYPES = YES;
				CLANG_WARN_SUSPICIOUS_MOVE = YES;
				CLANG_WARN_UNGUARDED_AVAILABILITY = YES_AGGRESSIVE;
				CLANG_WARN_UNREACHABLE_CODE = YES;
				CLANG_WARN__DUPLICATE_METHOD_MATCH = YES;
				CODE_SIGN_IDENTITY = "iPhone Developer";
				COPY_PHASE_STRIP = NO;
				DEBUG_INFORMATION_FORMAT = "dwarf-with-dsym";
				ENABLE_NS_ASSERTIONS = NO;
				ENABLE_STRICT_OBJC_MSGSEND = YES;
				GCC_C_LANGUAGE_STANDARD = gnu11;
				GCC_NO_COMMON_BLOCKS = YES;
				GCC_WARN_64_TO_32_BIT_CONVERSION = YES;
				GCC_WARN_ABOUT_RETURN_TYPE = YES_ERROR;
				GCC_WARN_UNDECLARED_SELECTOR = YES;
				GCC_WARN_UNINITIALIZED_AUTOS = YES_AGGRESSIVE;
				GCC_WARN_UNUSED_FUNCTION = YES;
				GCC_WARN_UNUSED_VARIABLE = YES;
				IPHONEOS_DEPLOYMENT_TARGET = 11.1;
				MTL_ENABLE_DEBUG_INFO = NO;
				SDKROOT = iphoneos;
				SWIFT_OPTIMIZATION_LEVEL = "-Owholemodule";
				VALIDATE_PRODUCT = YES;
			};
			name = Release;
		};
		1BC24C401FCFB9590032B939 /* Debug */ = {
			isa = XCBuildConfiguration;
			buildSettings = {
				ASSETCATALOG_COMPILER_APPICON_NAME = AppIcon;
				CODE_SIGN_STYLE = Automatic;
				DEVELOPMENT_TEAM = AREZX5EZP6;
				INFOPLIST_FILE = concentration/Info.plist;
				LD_RUNPATH_SEARCH_PATHS = "$(inherited) @executable_path/Frameworks";
				PRODUCT_BUNDLE_IDENTIFIER = com.siddique.concentration;
				PRODUCT_NAME = "$(TARGET_NAME)";
				SWIFT_VERSION = 4.0;
				TARGETED_DEVICE_FAMILY = "1,2";
			};
			name = Debug;
		};
		1BC24C411FCFB9590032B939 /* Release */ = {
			isa = XCBuildConfiguration;
			buildSettings = {
				ASSETCATALOG_COMPILER_APPICON_NAME = AppIcon;
				CODE_SIGN_STYLE = Automatic;
				DEVELOPMENT_TEAM = AREZX5EZP6;
				INFOPLIST_FILE = concentration/Info.plist;
				LD_RUNPATH_SEARCH_PATHS = "$(inherited) @executable_path/Frameworks";
				PRODUCT_BUNDLE_IDENTIFIER = com.siddique.concentration;
				PRODUCT_NAME = "$(TARGET_NAME)";
				SWIFT_VERSION = 4.0;
				TARGETED_DEVICE_FAMILY = "1,2";
			};
			name = Release;
		};
/* End XCBuildConfiguration section */

/* Begin XCConfigurationList section */
		1BC24C281FCFB9590032B939 /* Build configuration list for PBXProject "concentration" */ = {
			isa = XCConfigurationList;
			buildConfigurations = (
				1BC24C3D1FCFB9590032B939 /* Debug */,
				1BC24C3E1FCFB9590032B939 /* Release */,
			);
			defaultConfigurationIsVisible = 0;
			defaultConfigurationName = Release;
		};
		1BC24C3F1FCFB9590032B939 /* Build configuration list for PBXNativeTarget "concentration" */ = {
			isa = XCConfigurationList;
			buildConfigurations = (
				1BC24C401FCFB9590032B939 /* Debug */,
				1BC24C411FCFB9590032B939 /* Release */,
			);
			defaultConfigurationIsVisible = 0;
			defaultConfigurationName = Release;
		};
/* End XCConfigurationList section */
	};
	rootObject = 1BC24C251FCFB9590032B939 /* Project object */;
}
